
Microsoft Visual Studio Solution File, Format Version 12.00
# Visual Studio Version 16
VisualStudioVersion = 16.0.29209.62
MinimumVisualStudioVersion = 10.0.40219.1
Project("{8BC9CEB8-8B4A-11D0-8D11-00A0C91BC942}") = "boolean13", "boolean13.vcxproj", "{02239418-6310-4413-B9C3-C1BEF76A95C0}"
EndProject
Global
	GlobalSection(SolutionConfigurationPlatforms) = preSolution
		Debug|x64 = Debug|x64
		Debug|x86 = Debug|x86
		Release|x64 = Release|x64
		Release|x86 = Release|x86
	EndGlobalSection
	GlobalSection(ProjectConfigurationPlatforms) = postSolution
		{02239418-6310-4413-B9C3-C1BEF76A95C0}.Debug|x64.ActiveCfg = Debug|x64
		{02239418-6310-4413-B9C3-C1BEF76A95C0}.Debug|x64.Build.0 = Debug|x64
		{02239418-6310-4413-B9C3-C1BEF76A95C0}.Debug|x86.ActiveCfg = Debug|Win32
		{02239418-6310-4413-B9C3-C1BEF76A95C0}.Debug|x86.Build.0 = Debug|Win32
		{02239418-6310-4413-B9C3-C1BEF76A95C0}.Release|x64.ActiveCfg = Release|x64
		{02239418-6310-4413-B9C3-C1BEF76A95C0}.Release|x64.Build.0 = Release|x64
		{02239418-6310-4413-B9C3-C1BEF76A95C0}.Release|x86.ActiveCfg = Release|Win32
		{02239418-6310-4413-B9C3-C1BEF76A95C0}.Release|x86.Build.0 = Release|Win32
	EndGlobalSection
	GlobalSection(SolutionProperties) = preSolution
		HideSolutionNode = FALSE
	EndGlobalSection
	GlobalSection(ExtensibilityGlobals) = postSolution
		SolutionGuid = {B79E48D2-B665-42B7-84FB-6C59AB67723A}
	EndGlobalSection
EndGlobal
