
Microsoft Visual Studio Solution File, Format Version 12.00
# Visual Studio Version 16
VisualStudioVersion = 16.0.29209.62
MinimumVisualStudioVersion = 10.0.40219.1
Project("{8BC9CEB8-8B4A-11D0-8D11-00A0C91BC942}") = "if2", "if2.vcxproj", "{C7000AEC-9139-4B45-BE3F-65F15CE0C994}"
EndProject
Global
	GlobalSection(SolutionConfigurationPlatforms) = preSolution
		Debug|x64 = Debug|x64
		Debug|x86 = Debug|x86
		Release|x64 = Release|x64
		Release|x86 = Release|x86
	EndGlobalSection
	GlobalSection(ProjectConfigurationPlatforms) = postSolution
		{C7000AEC-9139-4B45-BE3F-65F15CE0C994}.Debug|x64.ActiveCfg = Debug|x64
		{C7000AEC-9139-4B45-BE3F-65F15CE0C994}.Debug|x64.Build.0 = Debug|x64
		{C7000AEC-9139-4B45-BE3F-65F15CE0C994}.Debug|x86.ActiveCfg = Debug|Win32
		{C7000AEC-9139-4B45-BE3F-65F15CE0C994}.Debug|x86.Build.0 = Debug|Win32
		{C7000AEC-9139-4B45-BE3F-65F15CE0C994}.Release|x64.ActiveCfg = Release|x64
		{C7000AEC-9139-4B45-BE3F-65F15CE0C994}.Release|x64.Build.0 = Release|x64
		{C7000AEC-9139-4B45-BE3F-65F15CE0C994}.Release|x86.ActiveCfg = Release|Win32
		{C7000AEC-9139-4B45-BE3F-65F15CE0C994}.Release|x86.Build.0 = Release|Win32
	EndGlobalSection
	GlobalSection(SolutionProperties) = preSolution
		HideSolutionNode = FALSE
	EndGlobalSection
	GlobalSection(ExtensibilityGlobals) = postSolution
		SolutionGuid = {4CE4A9A5-8E5C-4920-A272-6BF11DC05444}
	EndGlobalSection
EndGlobal
