
Microsoft Visual Studio Solution File, Format Version 12.00
# Visual Studio Version 16
VisualStudioVersion = 16.0.29209.62
MinimumVisualStudioVersion = 10.0.40219.1
Project("{8BC9CEB8-8B4A-11D0-8D11-00A0C91BC942}") = "if13", "if13.vcxproj", "{FF572D03-3473-44AE-BE6F-734962BB9FDB}"
EndProject
Global
	GlobalSection(SolutionConfigurationPlatforms) = preSolution
		Debug|x64 = Debug|x64
		Debug|x86 = Debug|x86
		Release|x64 = Release|x64
		Release|x86 = Release|x86
	EndGlobalSection
	GlobalSection(ProjectConfigurationPlatforms) = postSolution
		{FF572D03-3473-44AE-BE6F-734962BB9FDB}.Debug|x64.ActiveCfg = Debug|x64
		{FF572D03-3473-44AE-BE6F-734962BB9FDB}.Debug|x64.Build.0 = Debug|x64
		{FF572D03-3473-44AE-BE6F-734962BB9FDB}.Debug|x86.ActiveCfg = Debug|Win32
		{FF572D03-3473-44AE-BE6F-734962BB9FDB}.Debug|x86.Build.0 = Debug|Win32
		{FF572D03-3473-44AE-BE6F-734962BB9FDB}.Release|x64.ActiveCfg = Release|x64
		{FF572D03-3473-44AE-BE6F-734962BB9FDB}.Release|x64.Build.0 = Release|x64
		{FF572D03-3473-44AE-BE6F-734962BB9FDB}.Release|x86.ActiveCfg = Release|Win32
		{FF572D03-3473-44AE-BE6F-734962BB9FDB}.Release|x86.Build.0 = Release|Win32
	EndGlobalSection
	GlobalSection(SolutionProperties) = preSolution
		HideSolutionNode = FALSE
	EndGlobalSection
	GlobalSection(ExtensibilityGlobals) = postSolution
		SolutionGuid = {2FF24B8A-A9AA-4497-B753-A009F3FA118E}
	EndGlobalSection
EndGlobal
